
Microsoft Visual Studio Solution File, Format Version 12.00
# Visual Studio Version 16
VisualStudioVersion = 16.0.31025.194
MinimumVisualStudioVersion = 10.0.40219.1
Project("{FAE04EC0-301F-11D3-BF4B-00C04F79EFBC}") = "code wars - kyu 7 i 8 - part 1", "code wars - kyu 7 i 8 - part 1\code wars - kyu 7 i 8 - part 1.csproj", "{42FB8233-0177-4DF4-AF91-5B46BFED4650}"
EndProject
Global
	GlobalSection(SolutionConfigurationPlatforms) = preSolution
		Debug|Any CPU = Debug|Any CPU
		Release|Any CPU = Release|Any CPU
	EndGlobalSection
	GlobalSection(ProjectConfigurationPlatforms) = postSolution
		{42FB8233-0177-4DF4-AF91-5B46BFED4650}.Debug|Any CPU.ActiveCfg = Debug|Any CPU
		{42FB8233-0177-4DF4-AF91-5B46BFED4650}.Debug|Any CPU.Build.0 = Debug|Any CPU
		{42FB8233-0177-4DF4-AF91-5B46BFED4650}.Release|Any CPU.ActiveCfg = Release|Any CPU
		{42FB8233-0177-4DF4-AF91-5B46BFED4650}.Release|Any CPU.Build.0 = Release|Any CPU
	EndGlobalSection
	GlobalSection(SolutionProperties) = preSolution
		HideSolutionNode = FALSE
	EndGlobalSection
	GlobalSection(ExtensibilityGlobals) = postSolution
		SolutionGuid = {1FA0BFCE-75EC-4C54-B882-6E93DC05491C}
	EndGlobalSection
EndGlobal
